
Microsoft Visual Studio Solution File, Format Version 12.00
# Visual Studio 15
VisualStudioVersion = 15.0.27004.2006
MinimumVisualStudioVersion = 10.0.40219.1
Project("{FAE04EC0-301F-11D3-BF4B-00C04F79EFBC}") = "POP_SF172015WPF", "POP_SF172015WPF\POP_SF172015WPF.csproj", "{F99711EC-0321-4051-AFD6-78E574DB4FC4}"
EndProject
Global
	GlobalSection(SolutionConfigurationPlatforms) = preSolution
		Debug|Any CPU = Debug|Any CPU
		Release|Any CPU = Release|Any CPU
	EndGlobalSection
	GlobalSection(ProjectConfigurationPlatforms) = postSolution
		{F99711EC-0321-4051-AFD6-78E574DB4FC4}.Debug|Any CPU.ActiveCfg = Debug|Any CPU
		{F99711EC-0321-4051-AFD6-78E574DB4FC4}.Debug|Any CPU.Build.0 = Debug|Any CPU
		{F99711EC-0321-4051-AFD6-78E574DB4FC4}.Release|Any CPU.ActiveCfg = Release|Any CPU
		{F99711EC-0321-4051-AFD6-78E574DB4FC4}.Release|Any CPU.Build.0 = Release|Any CPU
	EndGlobalSection
	GlobalSection(SolutionProperties) = preSolution
		HideSolutionNode = FALSE
	EndGlobalSection
	GlobalSection(ExtensibilityGlobals) = postSolution
		SolutionGuid = {43082CA8-D847-49B9-94F6-D0781A655E5B}
	EndGlobalSection
EndGlobal
