
Microsoft Visual Studio Solution File, Format Version 12.00
# Visual Studio 15
VisualStudioVersion = 15.0.27004.2006
MinimumVisualStudioVersion = 10.0.40219.1
Project("{FAE04EC0-301F-11D3-BF4B-00C04F79EFBC}") = "POP-SF172015", "POP-SF172015\POP-SF172015.csproj", "{47B0BB1E-4600-4BCD-8587-F94901E9D9EF}"
EndProject
Global
	GlobalSection(SolutionConfigurationPlatforms) = preSolution
		Debug|Any CPU = Debug|Any CPU
		Release|Any CPU = Release|Any CPU
	EndGlobalSection
	GlobalSection(ProjectConfigurationPlatforms) = postSolution
		{47B0BB1E-4600-4BCD-8587-F94901E9D9EF}.Debug|Any CPU.ActiveCfg = Debug|Any CPU
		{47B0BB1E-4600-4BCD-8587-F94901E9D9EF}.Debug|Any CPU.Build.0 = Debug|Any CPU
		{47B0BB1E-4600-4BCD-8587-F94901E9D9EF}.Release|Any CPU.ActiveCfg = Release|Any CPU
		{47B0BB1E-4600-4BCD-8587-F94901E9D9EF}.Release|Any CPU.Build.0 = Release|Any CPU
	EndGlobalSection
	GlobalSection(SolutionProperties) = preSolution
		HideSolutionNode = FALSE
	EndGlobalSection
	GlobalSection(ExtensibilityGlobals) = postSolution
		SolutionGuid = {A48AFADD-BD2F-4118-AB5A-541BC6DF3D02}
	EndGlobalSection
EndGlobal
